
Microsoft Visual Studio Solution File, Format Version 12.00
# Visual Studio Version 17
VisualStudioVersion = 17.11.35327.3
MinimumVisualStudioVersion = 10.0.40219.1
Project("{FAE04EC0-301F-11D3-BF4B-00C04F79EFBC}") = "ConsoleApp1", "ConsoleApp1\ConsoleApp1.csproj", "{D6BB2AF4-B759-4EEB-8A53-7DA8064A56D0}"
EndProject
Global
	GlobalSection(SolutionConfigurationPlatforms) = preSolution
		Debug|Any CPU = Debug|Any CPU
		Release|Any CPU = Release|Any CPU
	EndGlobalSection
	GlobalSection(ProjectConfigurationPlatforms) = postSolution
		{D6BB2AF4-B759-4EEB-8A53-7DA8064A56D0}.Debug|Any CPU.ActiveCfg = Debug|Any CPU
		{D6BB2AF4-B759-4EEB-8A53-7DA8064A56D0}.Debug|Any CPU.Build.0 = Debug|Any CPU
		{D6BB2AF4-B759-4EEB-8A53-7DA8064A56D0}.Release|Any CPU.ActiveCfg = Release|Any CPU
		{D6BB2AF4-B759-4EEB-8A53-7DA8064A56D0}.Release|Any CPU.Build.0 = Release|Any CPU
	EndGlobalSection
	GlobalSection(SolutionProperties) = preSolution
		HideSolutionNode = FALSE
	EndGlobalSection
	GlobalSection(ExtensibilityGlobals) = postSolution
		SolutionGuid = {995C66D7-8316-42AF-A973-7334D41FD798}
	EndGlobalSection
EndGlobal
